
Microsoft Visual Studio Solution File, Format Version 12.00
# Visual Studio Version 17
VisualStudioVersion = 17.1.32319.34
MinimumVisualStudioVersion = 10.0.40219.1
Project("{9A19103F-16F7-4668-BE54-9A1E7A4F7556}") = "ChillX.Logging", "src\ChillX.Logging\ChillX.Logging.csproj", "{B3DC9EDC-16A1-43B1-8FAA-7A3157DE9520}"
EndProject
Project("{9A19103F-16F7-4668-BE54-9A1E7A4F7556}") = "ChillX.LoggingTest", "src\ChillX.LoggingTest\ChillX.LoggingTest.csproj", "{9BC4AA7B-129B-4BC9-82CC-497CE7247F16}"
EndProject
Project("{9A19103F-16F7-4668-BE54-9A1E7A4F7556}") = "ChillX.Threading", "src\ChillX.Threading\ChillX.Threading.csproj", "{A895CF57-BCA0-4C75-8D8B-F215131BCC84}"
EndProject
Project("{9A19103F-16F7-4668-BE54-9A1E7A4F7556}") = "ChillX.ThreadingTest", "src\ChillX.ThreadingTest\ChillX.ThreadingTest.csproj", "{ABA19F87-593E-4F14-8C67-122F2AA8A90C}"
EndProject
Project("{2150E333-8FDC-42A3-9474-1A3956D46DE8}") = "Test", "Test", "{000E7125-66EB-4595-9B29-C0A9B306E8E9}"
EndProject
Global
	GlobalSection(SolutionConfigurationPlatforms) = preSolution
		Debug|Any CPU = Debug|Any CPU
		Release|Any CPU = Release|Any CPU
	EndGlobalSection
	GlobalSection(ProjectConfigurationPlatforms) = postSolution
		{B3DC9EDC-16A1-43B1-8FAA-7A3157DE9520}.Debug|Any CPU.ActiveCfg = Debug|Any CPU
		{B3DC9EDC-16A1-43B1-8FAA-7A3157DE9520}.Debug|Any CPU.Build.0 = Debug|Any CPU
		{B3DC9EDC-16A1-43B1-8FAA-7A3157DE9520}.Release|Any CPU.ActiveCfg = Release|Any CPU
		{B3DC9EDC-16A1-43B1-8FAA-7A3157DE9520}.Release|Any CPU.Build.0 = Release|Any CPU
		{9BC4AA7B-129B-4BC9-82CC-497CE7247F16}.Debug|Any CPU.ActiveCfg = Debug|Any CPU
		{9BC4AA7B-129B-4BC9-82CC-497CE7247F16}.Debug|Any CPU.Build.0 = Debug|Any CPU
		{9BC4AA7B-129B-4BC9-82CC-497CE7247F16}.Release|Any CPU.ActiveCfg = Release|Any CPU
		{9BC4AA7B-129B-4BC9-82CC-497CE7247F16}.Release|Any CPU.Build.0 = Release|Any CPU
		{A895CF57-BCA0-4C75-8D8B-F215131BCC84}.Debug|Any CPU.ActiveCfg = Debug|Any CPU
		{A895CF57-BCA0-4C75-8D8B-F215131BCC84}.Debug|Any CPU.Build.0 = Debug|Any CPU
		{A895CF57-BCA0-4C75-8D8B-F215131BCC84}.Release|Any CPU.ActiveCfg = Release|Any CPU
		{A895CF57-BCA0-4C75-8D8B-F215131BCC84}.Release|Any CPU.Build.0 = Release|Any CPU
		{ABA19F87-593E-4F14-8C67-122F2AA8A90C}.Debug|Any CPU.ActiveCfg = Debug|Any CPU
		{ABA19F87-593E-4F14-8C67-122F2AA8A90C}.Debug|Any CPU.Build.0 = Debug|Any CPU
		{ABA19F87-593E-4F14-8C67-122F2AA8A90C}.Release|Any CPU.ActiveCfg = Release|Any CPU
		{ABA19F87-593E-4F14-8C67-122F2AA8A90C}.Release|Any CPU.Build.0 = Release|Any CPU
	EndGlobalSection
	GlobalSection(SolutionProperties) = preSolution
		HideSolutionNode = FALSE
	EndGlobalSection
	GlobalSection(NestedProjects) = preSolution
		{9BC4AA7B-129B-4BC9-82CC-497CE7247F16} = {000E7125-66EB-4595-9B29-C0A9B306E8E9}
		{ABA19F87-593E-4F14-8C67-122F2AA8A90C} = {000E7125-66EB-4595-9B29-C0A9B306E8E9}
	EndGlobalSection
	GlobalSection(ExtensibilityGlobals) = postSolution
		SolutionGuid = {3E5E60B8-82E0-44EA-B50F-56B502108691}
	EndGlobalSection
EndGlobal
