
Microsoft Visual Studio Solution File, Format Version 12.00
# Visual Studio Version 17
VisualStudioVersion = 17.1.32319.34
MinimumVisualStudioVersion = 10.0.40219.1
Project("{9A19103F-16F7-4668-BE54-9A1E7A4F7556}") = "ChillXLogging", "src\ChillXLogging\ChillXLogging.csproj", "{0F5B4DE0-B61C-41A3-B852-D2E5A15ADEB5}"
EndProject
Project("{9A19103F-16F7-4668-BE54-9A1E7A4F7556}") = "ChillXThreading", "src\ChillXThreading\ChillXThreading.csproj", "{A205CA25-84A3-4D91-A036-380090B31BD9}"
EndProject
Project("{FAE04EC0-301F-11D3-BF4B-00C04F79EFBC}") = "ChillXThreadingTest", "src\ChillXThreadingTest\ChillXThreadingTest.csproj", "{3E97FAAD-F4F4-47AB-8116-B1176FFEDB59}"
EndProject
Project("{9A19103F-16F7-4668-BE54-9A1E7A4F7556}") = "ChillXLoggingTest", "src\ChillXLoggingTest\ChillXLoggingTest.csproj", "{1E19F3C7-4AC8-4E9C-8E0D-71E507948E5B}"
EndProject
Global
	GlobalSection(SolutionConfigurationPlatforms) = preSolution
		Debug|Any CPU = Debug|Any CPU
		Release|Any CPU = Release|Any CPU
	EndGlobalSection
	GlobalSection(ProjectConfigurationPlatforms) = postSolution
		{0F5B4DE0-B61C-41A3-B852-D2E5A15ADEB5}.Debug|Any CPU.ActiveCfg = Debug|Any CPU
		{0F5B4DE0-B61C-41A3-B852-D2E5A15ADEB5}.Debug|Any CPU.Build.0 = Debug|Any CPU
		{0F5B4DE0-B61C-41A3-B852-D2E5A15ADEB5}.Release|Any CPU.ActiveCfg = Release|Any CPU
		{0F5B4DE0-B61C-41A3-B852-D2E5A15ADEB5}.Release|Any CPU.Build.0 = Release|Any CPU
		{A205CA25-84A3-4D91-A036-380090B31BD9}.Debug|Any CPU.ActiveCfg = Debug|Any CPU
		{A205CA25-84A3-4D91-A036-380090B31BD9}.Debug|Any CPU.Build.0 = Debug|Any CPU
		{A205CA25-84A3-4D91-A036-380090B31BD9}.Release|Any CPU.ActiveCfg = Release|Any CPU
		{A205CA25-84A3-4D91-A036-380090B31BD9}.Release|Any CPU.Build.0 = Release|Any CPU
		{3E97FAAD-F4F4-47AB-8116-B1176FFEDB59}.Debug|Any CPU.ActiveCfg = Debug|Any CPU
		{3E97FAAD-F4F4-47AB-8116-B1176FFEDB59}.Debug|Any CPU.Build.0 = Debug|Any CPU
		{3E97FAAD-F4F4-47AB-8116-B1176FFEDB59}.Release|Any CPU.ActiveCfg = Release|Any CPU
		{3E97FAAD-F4F4-47AB-8116-B1176FFEDB59}.Release|Any CPU.Build.0 = Release|Any CPU
		{1E19F3C7-4AC8-4E9C-8E0D-71E507948E5B}.Debug|Any CPU.ActiveCfg = Debug|Any CPU
		{1E19F3C7-4AC8-4E9C-8E0D-71E507948E5B}.Debug|Any CPU.Build.0 = Debug|Any CPU
		{1E19F3C7-4AC8-4E9C-8E0D-71E507948E5B}.Release|Any CPU.ActiveCfg = Release|Any CPU
		{1E19F3C7-4AC8-4E9C-8E0D-71E507948E5B}.Release|Any CPU.Build.0 = Release|Any CPU
	EndGlobalSection
	GlobalSection(SolutionProperties) = preSolution
		HideSolutionNode = FALSE
	EndGlobalSection
	GlobalSection(ExtensibilityGlobals) = postSolution
		SolutionGuid = {3E5E60B8-82E0-44EA-B50F-56B502108691}
	EndGlobalSection
EndGlobal
